
Microsoft Visual Studio Solution File, Format Version 12.00
# Visual Studio 14
VisualStudioVersion = 14.0.24720.0
MinimumVisualStudioVersion = 10.0.40219.1
Project("{FAE04EC0-301F-11D3-BF4B-00C04F79EFBC}") = "SummonerData", "SummonerData\SummonerData.csproj", "{D30DE757-3728-4CFA-9D0D-13B478491A61}"
EndProject
Project("{FAE04EC0-301F-11D3-BF4B-00C04F79EFBC}") = "SummonerDataConsoleApplication", "SummonerDataConsoleApplication\SummonerDataConsoleApplication.csproj", "{DB0F8745-3596-49CE-882D-7C203C2F44D0}"
EndProject
Project("{FAE04EC0-301F-11D3-BF4B-00C04F79EFBC}") = "RiotAPIManager", "RiotAPIManager\RiotAPIManager.csproj", "{99CE7A30-5338-4028-978A-ECB28A952C88}"
EndProject
Project("{FAE04EC0-301F-11D3-BF4B-00C04F79EFBC}") = "SummonerManager", "SummonerManager\SummonerManager.csproj", "{B8D7AAFE-8B4D-4520-94C8-648C26303FA6}"
EndProject
Global
	GlobalSection(SolutionConfigurationPlatforms) = preSolution
		Debug|Any CPU = Debug|Any CPU
		Release|Any CPU = Release|Any CPU
	EndGlobalSection
	GlobalSection(ProjectConfigurationPlatforms) = postSolution
		{D30DE757-3728-4CFA-9D0D-13B478491A61}.Debug|Any CPU.ActiveCfg = Debug|Any CPU
		{D30DE757-3728-4CFA-9D0D-13B478491A61}.Debug|Any CPU.Build.0 = Debug|Any CPU
		{D30DE757-3728-4CFA-9D0D-13B478491A61}.Release|Any CPU.ActiveCfg = Release|Any CPU
		{D30DE757-3728-4CFA-9D0D-13B478491A61}.Release|Any CPU.Build.0 = Release|Any CPU
		{DB0F8745-3596-49CE-882D-7C203C2F44D0}.Debug|Any CPU.ActiveCfg = Debug|Any CPU
		{DB0F8745-3596-49CE-882D-7C203C2F44D0}.Debug|Any CPU.Build.0 = Debug|Any CPU
		{DB0F8745-3596-49CE-882D-7C203C2F44D0}.Release|Any CPU.ActiveCfg = Release|Any CPU
		{DB0F8745-3596-49CE-882D-7C203C2F44D0}.Release|Any CPU.Build.0 = Release|Any CPU
		{99CE7A30-5338-4028-978A-ECB28A952C88}.Debug|Any CPU.ActiveCfg = Debug|Any CPU
		{99CE7A30-5338-4028-978A-ECB28A952C88}.Debug|Any CPU.Build.0 = Debug|Any CPU
		{99CE7A30-5338-4028-978A-ECB28A952C88}.Release|Any CPU.ActiveCfg = Release|Any CPU
		{99CE7A30-5338-4028-978A-ECB28A952C88}.Release|Any CPU.Build.0 = Release|Any CPU
		{B8D7AAFE-8B4D-4520-94C8-648C26303FA6}.Debug|Any CPU.ActiveCfg = Debug|Any CPU
		{B8D7AAFE-8B4D-4520-94C8-648C26303FA6}.Debug|Any CPU.Build.0 = Debug|Any CPU
		{B8D7AAFE-8B4D-4520-94C8-648C26303FA6}.Release|Any CPU.ActiveCfg = Release|Any CPU
		{B8D7AAFE-8B4D-4520-94C8-648C26303FA6}.Release|Any CPU.Build.0 = Release|Any CPU
	EndGlobalSection
	GlobalSection(SolutionProperties) = preSolution
		HideSolutionNode = FALSE
	EndGlobalSection
EndGlobal
